
Microsoft Visual Studio Solution File, Format Version 12.00
# Visual Studio Version 17
VisualStudioVersion = 17.0.32014.148
MinimumVisualStudioVersion = 10.0.40219.1
Project("{FAE04EC0-301F-11D3-BF4B-00C04F79EFBC}") = "github1", "github1\github1.csproj", "{1CECB069-F85D-4C66-B912-39CB7BB4B389}"
EndProject
Global
	GlobalSection(SolutionConfigurationPlatforms) = preSolution
		Debug|Any CPU = Debug|Any CPU
		Release|Any CPU = Release|Any CPU
	EndGlobalSection
	GlobalSection(ProjectConfigurationPlatforms) = postSolution
		{1CECB069-F85D-4C66-B912-39CB7BB4B389}.Debug|Any CPU.ActiveCfg = Debug|Any CPU
		{1CECB069-F85D-4C66-B912-39CB7BB4B389}.Debug|Any CPU.Build.0 = Debug|Any CPU
		{1CECB069-F85D-4C66-B912-39CB7BB4B389}.Release|Any CPU.ActiveCfg = Release|Any CPU
		{1CECB069-F85D-4C66-B912-39CB7BB4B389}.Release|Any CPU.Build.0 = Release|Any CPU
	EndGlobalSection
	GlobalSection(SolutionProperties) = preSolution
		HideSolutionNode = FALSE
	EndGlobalSection
	GlobalSection(ExtensibilityGlobals) = postSolution
		SolutionGuid = {14323066-6DCE-4483-844C-ACA34F8D8651}
	EndGlobalSection
EndGlobal
